
Microsoft Visual Studio Solution File, Format Version 12.00
# Visual Studio Version 17
VisualStudioVersion = 17.0.31903.59
MinimumVisualStudioVersion = 10.0.40219.1
Project("{8BC9CEB8-8B4A-11D0-8D11-00A0C91BC942}") = "NFSMWMotionBlurController", "NFSMWMotionBlurController.vcxproj", "{902B206A-8E5D-4BA7-B699-EBBB63ECC431}"
EndProject
Global
	GlobalSection(SolutionConfigurationPlatforms) = preSolution
		Debug|x86 = Debug|x86
		Release|x86 = Release|x86
	EndGlobalSection
	GlobalSection(ProjectConfigurationPlatforms) = postSolution
		{902B206A-8E5D-4BA7-B699-EBBB63ECC431}.Debug|x86.ActiveCfg = Debug|Win32
		{902B206A-8E5D-4BA7-B699-EBBB63ECC431}.Debug|x86.Build.0 = Debug|Win32
		{902B206A-8E5D-4BA7-B699-EBBB63ECC431}.Release|x86.ActiveCfg = Release|Win32
		{902B206A-8E5D-4BA7-B699-EBBB63ECC431}.Release|x86.Build.0 = Release|Win32
	EndGlobalSection
	GlobalSection(SolutionProperties) = preSolution
		HideSolutionNode = FALSE
	EndGlobalSection
	GlobalSection(ExtensibilityGlobals) = postSolution
		SolutionGuid = {912E29CD-59FD-4BC2-8B9F-36A29451EB98}
	EndGlobalSection
EndGlobal
